// !$*UTF8*$!
{
	archiveVersion = 1;
	classes = {
	};
	objectVersion = 51;
	objects = {

/* Begin PBXBuildFile section */
		5383B988F6E871D5F3D91D74 /* Pods_DietDiary_DietDiaryUITests.framework in Frameworks */ = {isa = PBXBuildFile; fileRef = A27ED4E411A5AF676BDE7C84 /* Pods_DietDiary_DietDiaryUITests.framework */; };
		BF30C2562FC1486CCBF0D50B /* Pods_DietDiaryTests.framework in Frameworks */ = {isa = PBXBuildFile; fileRef = 08BCCF6C4301EF2027710A3C /* Pods_DietDiaryTests.framework */; };
		E24AD954E6A7940C7E87D3A1 /* Pods_DietDiary.framework in Frameworks */ = {isa = PBXBuildFile; fileRef = C934803F8446F2A2AA2AF5BC /* Pods_DietDiary.framework */; };
		F23C5431258260BA000D6281 /* AppDelegate.swift in Sources */ = {isa = PBXBuildFile; fileRef = F23C5430258260BA000D6281 /* AppDelegate.swift */; };
		F23C5433258260BA000D6281 /* SceneDelegate.swift in Sources */ = {isa = PBXBuildFile; fileRef = F23C5432258260BA000D6281 /* SceneDelegate.swift */; };
		F23C5435258260BA000D6281 /* ViewController.swift in Sources */ = {isa = PBXBuildFile; fileRef = F23C5434258260BA000D6281 /* ViewController.swift */; };
		F23C543B258260BA000D6281 /* DietDiary.xcdatamodeld in Sources */ = {isa = PBXBuildFile; fileRef = F23C5439258260BA000D6281 /* DietDiary.xcdatamodeld */; };
		F23C543D258260BE000D6281 /* Assets.xcassets in Resources */ = {isa = PBXBuildFile; fileRef = F23C543C258260BE000D6281 /* Assets.xcassets */; };
		F23C5440258260BE000D6281 /* LaunchScreen.storyboard in Resources */ = {isa = PBXBuildFile; fileRef = F23C543E258260BE000D6281 /* LaunchScreen.storyboard */; };
		F23C544B258260BE000D6281 /* DietDiaryTests.swift in Sources */ = {isa = PBXBuildFile; fileRef = F23C544A258260BE000D6281 /* DietDiaryTests.swift */; };
		F23C5456258260BE000D6281 /* DietDiaryUITests.swift in Sources */ = {isa = PBXBuildFile; fileRef = F23C5455258260BE000D6281 /* DietDiaryUITests.swift */; };
		F23C54A825826665000D6281 /* GoogleService-Info.plist in Resources */ = {isa = PBXBuildFile; fileRef = F23C54A725826665000D6281 /* GoogleService-Info.plist */; };
		F23C54B925826715000D6281 /* Main.storyboard in Resources */ = {isa = PBXBuildFile; fileRef = F23C54B725826715000D6281 /* Main.storyboard */; };
/* End PBXBuildFile section */

/* Begin PBXContainerItemProxy section */
		F23C5447258260BE000D6281 /* PBXContainerItemProxy */ = {
			isa = PBXContainerItemProxy;
			containerPortal = F23C5425258260BA000D6281 /* Project object */;
			proxyType = 1;
			remoteGlobalIDString = F23C542C258260BA000D6281;
			remoteInfo = DietDiary;
		};
		F23C5452258260BE000D6281 /* PBXContainerItemProxy */ = {
			isa = PBXContainerItemProxy;
			containerPortal = F23C5425258260BA000D6281 /* Project object */;
			proxyType = 1;
			remoteGlobalIDString = F23C542C258260BA000D6281;
			remoteInfo = DietDiary;
		};
/* End PBXContainerItemProxy section */

/* Begin PBXFileReference section */
		0816AB5A06C16332D4DD9BCC /* Pods-DietDiary.release.xcconfig */ = {isa = PBXFileReference; includeInIndex = 1; lastKnownFileType = text.xcconfig; name = "Pods-DietDiary.release.xcconfig"; path = "Target Support Files/Pods-DietDiary/Pods-DietDiary.release.xcconfig"; sourceTree = "<group>"; };
		08BCCF6C4301EF2027710A3C /* Pods_DietDiaryTests.framework */ = {isa = PBXFileReference; explicitFileType = wrapper.framework; includeInIndex = 0; path = Pods_DietDiaryTests.framework; sourceTree = BUILT_PRODUCTS_DIR; };
		378CC762D5D77A182E70EDAC /* Pods-DietDiary-DietDiaryUITests.release.xcconfig */ = {isa = PBXFileReference; includeInIndex = 1; lastKnownFileType = text.xcconfig; name = "Pods-DietDiary-DietDiaryUITests.release.xcconfig"; path = "Target Support Files/Pods-DietDiary-DietDiaryUITests/Pods-DietDiary-DietDiaryUITests.release.xcconfig"; sourceTree = "<group>"; };
		94015A2B5A0444E327DEF157 /* Pods-DietDiaryTests.debug.xcconfig */ = {isa = PBXFileReference; includeInIndex = 1; lastKnownFileType = text.xcconfig; name = "Pods-DietDiaryTests.debug.xcconfig"; path = "Target Support Files/Pods-DietDiaryTests/Pods-DietDiaryTests.debug.xcconfig"; sourceTree = "<group>"; };
		99B7779E89FC33674CB85063 /* Pods-DietDiary.debug.xcconfig */ = {isa = PBXFileReference; includeInIndex = 1; lastKnownFileType = text.xcconfig; name = "Pods-DietDiary.debug.xcconfig"; path = "Target Support Files/Pods-DietDiary/Pods-DietDiary.debug.xcconfig"; sourceTree = "<group>"; };
		A27ED4E411A5AF676BDE7C84 /* Pods_DietDiary_DietDiaryUITests.framework */ = {isa = PBXFileReference; explicitFileType = wrapper.framework; includeInIndex = 0; path = Pods_DietDiary_DietDiaryUITests.framework; sourceTree = BUILT_PRODUCTS_DIR; };
		AD0382221006F43CE95B57B6 /* Pods-DietDiary-DietDiaryUITests.debug.xcconfig */ = {isa = PBXFileReference; includeInIndex = 1; lastKnownFileType = text.xcconfig; name = "Pods-DietDiary-DietDiaryUITests.debug.xcconfig"; path = "Target Support Files/Pods-DietDiary-DietDiaryUITests/Pods-DietDiary-DietDiaryUITests.debug.xcconfig"; sourceTree = "<group>"; };
		C934803F8446F2A2AA2AF5BC /* Pods_DietDiary.framework */ = {isa = PBXFileReference; explicitFileType = wrapper.framework; includeInIndex = 0; path = Pods_DietDiary.framework; sourceTree = BUILT_PRODUCTS_DIR; };
		F23C542D258260BA000D6281 /* DietDiary.app */ = {isa = PBXFileReference; explicitFileType = wrapper.application; includeInIndex = 0; path = DietDiary.app; sourceTree = BUILT_PRODUCTS_DIR; };
		F23C5430258260BA000D6281 /* AppDelegate.swift */ = {isa = PBXFileReference; lastKnownFileType = sourcecode.swift; path = AppDelegate.swift; sourceTree = "<group>"; };
		F23C5432258260BA000D6281 /* SceneDelegate.swift */ = {isa = PBXFileReference; lastKnownFileType = sourcecode.swift; path = SceneDelegate.swift; sourceTree = "<group>"; };
		F23C5434258260BA000D6281 /* ViewController.swift */ = {isa = PBXFileReference; lastKnownFileType = sourcecode.swift; path = ViewController.swift; sourceTree = "<group>"; };
		F23C543A258260BA000D6281 /* DietDiary.xcdatamodel */ = {isa = PBXFileReference; lastKnownFileType = wrapper.xcdatamodel; path = DietDiary.xcdatamodel; sourceTree = "<group>"; };
		F23C543C258260BE000D6281 /* Assets.xcassets */ = {isa = PBXFileReference; lastKnownFileType = folder.assetcatalog; path = Assets.xcassets; sourceTree = "<group>"; };
		F23C543F258260BE000D6281 /* Base */ = {isa = PBXFileReference; lastKnownFileType = file.storyboard; name = Base; path = Base.lproj/LaunchScreen.storyboard; sourceTree = "<group>"; };
		F23C5441258260BE000D6281 /* Info.plist */ = {isa = PBXFileReference; lastKnownFileType = text.plist.xml; path = Info.plist; sourceTree = "<group>"; };
		F23C5446258260BE000D6281 /* DietDiaryTests.xctest */ = {isa = PBXFileReference; explicitFileType = wrapper.cfbundle; includeInIndex = 0; path = DietDiaryTests.xctest; sourceTree = BUILT_PRODUCTS_DIR; };
		F23C544A258260BE000D6281 /* DietDiaryTests.swift */ = {isa = PBXFileReference; lastKnownFileType = sourcecode.swift; path = DietDiaryTests.swift; sourceTree = "<group>"; };
		F23C544C258260BE000D6281 /* Info.plist */ = {isa = PBXFileReference; lastKnownFileType = text.plist.xml; path = Info.plist; sourceTree = "<group>"; };
		F23C5451258260BE000D6281 /* DietDiaryUITests.xctest */ = {isa = PBXFileReference; explicitFileType = wrapper.cfbundle; includeInIndex = 0; path = DietDiaryUITests.xctest; sourceTree = BUILT_PRODUCTS_DIR; };
		F23C5455258260BE000D6281 /* DietDiaryUITests.swift */ = {isa = PBXFileReference; lastKnownFileType = sourcecode.swift; path = DietDiaryUITests.swift; sourceTree = "<group>"; };
		F23C5457258260BE000D6281 /* Info.plist */ = {isa = PBXFileReference; lastKnownFileType = text.plist.xml; path = Info.plist; sourceTree = "<group>"; };
		F23C54A725826665000D6281 /* GoogleService-Info.plist */ = {isa = PBXFileReference; fileEncoding = 4; lastKnownFileType = text.plist.xml; path = "GoogleService-Info.plist"; sourceTree = "<group>"; };
		F23C54B825826715000D6281 /* Base */ = {isa = PBXFileReference; lastKnownFileType = file.storyboard; name = Base; path = Base.lproj/Main.storyboard; sourceTree = "<group>"; };
		FAD466FD98B2BE62B9D51401 /* Pods-DietDiaryTests.release.xcconfig */ = {isa = PBXFileReference; includeInIndex = 1; lastKnownFileType = text.xcconfig; name = "Pods-DietDiaryTests.release.xcconfig"; path = "Target Support Files/Pods-DietDiaryTests/Pods-DietDiaryTests.release.xcconfig"; sourceTree = "<group>"; };
/* End PBXFileReference section */

/* Begin PBXFrameworksBuildPhase section */
		F23C542A258260BA000D6281 /* Frameworks */ = {
			isa = PBXFrameworksBuildPhase;
			buildActionMask = 2147483647;
			files = (
				E24AD954E6A7940C7E87D3A1 /* Pods_DietDiary.framework in Frameworks */,
			);
			runOnlyForDeploymentPostprocessing = 0;
		};
		F23C5443258260BE000D6281 /* Frameworks */ = {
			isa = PBXFrameworksBuildPhase;
			buildActionMask = 2147483647;
			files = (
				BF30C2562FC1486CCBF0D50B /* Pods_DietDiaryTests.framework in Frameworks */,
			);
			runOnlyForDeploymentPostprocessing = 0;
		};
		F23C544E258260BE000D6281 /* Frameworks */ = {
			isa = PBXFrameworksBuildPhase;
			buildActionMask = 2147483647;
			files = (
				5383B988F6E871D5F3D91D74 /* Pods_DietDiary_DietDiaryUITests.framework in Frameworks */,
			);
			runOnlyForDeploymentPostprocessing = 0;
		};
/* End PBXFrameworksBuildPhase section */

/* Begin PBXGroup section */
		4E9167F129D5FB0A86BD9905 /* Frameworks */ = {
			isa = PBXGroup;
			children = (
				C934803F8446F2A2AA2AF5BC /* Pods_DietDiary.framework */,
				A27ED4E411A5AF676BDE7C84 /* Pods_DietDiary_DietDiaryUITests.framework */,
				08BCCF6C4301EF2027710A3C /* Pods_DietDiaryTests.framework */,
			);
			name = Frameworks;
			sourceTree = "<group>";
		};
		81657D0E8A6B9C5E31B9A24F /* Pods */ = {
			isa = PBXGroup;
			children = (
				99B7779E89FC33674CB85063 /* Pods-DietDiary.debug.xcconfig */,
				0816AB5A06C16332D4DD9BCC /* Pods-DietDiary.release.xcconfig */,
				AD0382221006F43CE95B57B6 /* Pods-DietDiary-DietDiaryUITests.debug.xcconfig */,
				378CC762D5D77A182E70EDAC /* Pods-DietDiary-DietDiaryUITests.release.xcconfig */,
				94015A2B5A0444E327DEF157 /* Pods-DietDiaryTests.debug.xcconfig */,
				FAD466FD98B2BE62B9D51401 /* Pods-DietDiaryTests.release.xcconfig */,
			);
			path = Pods;
			sourceTree = "<group>";
		};
		F23C5424258260BA000D6281 = {
			isa = PBXGroup;
			children = (
				F23C542F258260BA000D6281 /* DietDiary */,
				F23C5449258260BE000D6281 /* DietDiaryTests */,
				F23C5454258260BE000D6281 /* DietDiaryUITests */,
				F23C542E258260BA000D6281 /* Products */,
				81657D0E8A6B9C5E31B9A24F /* Pods */,
				4E9167F129D5FB0A86BD9905 /* Frameworks */,
			);
			sourceTree = "<group>";
		};
		F23C542E258260BA000D6281 /* Products */ = {
			isa = PBXGroup;
			children = (
				F23C542D258260BA000D6281 /* DietDiary.app */,
				F23C5446258260BE000D6281 /* DietDiaryTests.xctest */,
				F23C5451258260BE000D6281 /* DietDiaryUITests.xctest */,
			);
			name = Products;
			sourceTree = "<group>";
		};
		F23C542F258260BA000D6281 /* DietDiary */ = {
			isa = PBXGroup;
			children = (
				F23C54B725826715000D6281 /* Main.storyboard */,
				F23C5430258260BA000D6281 /* AppDelegate.swift */,
				F23C5432258260BA000D6281 /* SceneDelegate.swift */,
				F23C5434258260BA000D6281 /* ViewController.swift */,
				F23C543C258260BE000D6281 /* Assets.xcassets */,
				F23C543E258260BE000D6281 /* LaunchScreen.storyboard */,
				F23C5441258260BE000D6281 /* Info.plist */,
				F23C54A725826665000D6281 /* GoogleService-Info.plist */,
				F23C5439258260BA000D6281 /* DietDiary.xcdatamodeld */,
			);
			path = DietDiary;
			sourceTree = "<group>";
		};
		F23C5449258260BE000D6281 /* DietDiaryTests */ = {
			isa = PBXGroup;
			children = (
				F23C544A258260BE000D6281 /* DietDiaryTests.swift */,
				F23C544C258260BE000D6281 /* Info.plist */,
			);
			path = DietDiaryTests;
			sourceTree = "<group>";
		};
		F23C5454258260BE000D6281 /* DietDiaryUITests */ = {
			isa = PBXGroup;
			children = (
				F23C5455258260BE000D6281 /* DietDiaryUITests.swift */,
				F23C5457258260BE000D6281 /* Info.plist */,
			);
			path = DietDiaryUITests;
			sourceTree = "<group>";
		};
/* End PBXGroup section */

/* Begin PBXNativeTarget section */
		F23C542C258260BA000D6281 /* DietDiary */ = {
			isa = PBXNativeTarget;
			buildConfigurationList = F23C545A258260BE000D6281 /* Build configuration list for PBXNativeTarget "DietDiary" */;
			buildPhases = (
				D57AB06EB277C5883256AF6F /* [CP] Check Pods Manifest.lock */,
				F23C5429258260BA000D6281 /* Sources */,
				F23C542A258260BA000D6281 /* Frameworks */,
				F23C542B258260BA000D6281 /* Resources */,
				DAF6A3A0D8467F8A9791471F /* [CP] Embed Pods Frameworks */,
				9A5D1B39008D33210C18059F /* [CP] Copy Pods Resources */,
			);
			buildRules = (
			);
			dependencies = (
			);
			name = DietDiary;
			productName = DietDiary;
			productReference = F23C542D258260BA000D6281 /* DietDiary.app */;
			productType = "com.apple.product-type.application";
		};
		F23C5445258260BE000D6281 /* DietDiaryTests */ = {
			isa = PBXNativeTarget;
			buildConfigurationList = F23C545D258260BE000D6281 /* Build configuration list for PBXNativeTarget "DietDiaryTests" */;
			buildPhases = (
				C8445B74C6079697B59CDED6 /* [CP] Check Pods Manifest.lock */,
				F23C5442258260BE000D6281 /* Sources */,
				F23C5443258260BE000D6281 /* Frameworks */,
				F23C5444258260BE000D6281 /* Resources */,
			);
			buildRules = (
			);
			dependencies = (
				F23C5448258260BE000D6281 /* PBXTargetDependency */,
			);
			name = DietDiaryTests;
			productName = DietDiaryTests;
			productReference = F23C5446258260BE000D6281 /* DietDiaryTests.xctest */;
			productType = "com.apple.product-type.bundle.unit-test";
		};
		F23C5450258260BE000D6281 /* DietDiaryUITests */ = {
			isa = PBXNativeTarget;
			buildConfigurationList = F23C5460258260BE000D6281 /* Build configuration list for PBXNativeTarget "DietDiaryUITests" */;
			buildPhases = (
				4DDCB10487D7C5F9328071D2 /* [CP] Check Pods Manifest.lock */,
				F23C544D258260BE000D6281 /* Sources */,
				F23C544E258260BE000D6281 /* Frameworks */,
				F23C544F258260BE000D6281 /* Resources */,
				9C152EC4348C1D05488D4AFC /* [CP] Embed Pods Frameworks */,
				37540A45C35772DB113ACD78 /* [CP] Copy Pods Resources */,
			);
			buildRules = (
			);
			dependencies = (
				F23C5453258260BE000D6281 /* PBXTargetDependency */,
			);
			name = DietDiaryUITests;
			productName = DietDiaryUITests;
			productReference = F23C5451258260BE000D6281 /* DietDiaryUITests.xctest */;
			productType = "com.apple.product-type.bundle.ui-testing";
		};
/* End PBXNativeTarget section */

/* Begin PBXProject section */
		F23C5425258260BA000D6281 /* Project object */ = {
			isa = PBXProject;
			attributes = {
				LastSwiftUpdateCheck = 1220;
				LastUpgradeCheck = 1220;
				TargetAttributes = {
					F23C542C258260BA000D6281 = {
						CreatedOnToolsVersion = 12.2;
					};
					F23C5445258260BE000D6281 = {
						CreatedOnToolsVersion = 12.2;
						TestTargetID = F23C542C258260BA000D6281;
					};
					F23C5450258260BE000D6281 = {
						CreatedOnToolsVersion = 12.2;
						TestTargetID = F23C542C258260BA000D6281;
					};
				};
			};
			buildConfigurationList = F23C5428258260BA000D6281 /* Build configuration list for PBXProject "DietDiary" */;
			compatibilityVersion = "Xcode 9.3";
			developmentRegion = en;
			hasScannedForEncodings = 0;
			knownRegions = (
				en,
				Base,
			);
			mainGroup = F23C5424258260BA000D6281;
			productRefGroup = F23C542E258260BA000D6281 /* Products */;
			projectDirPath = "";
			projectRoot = "";
			targets = (
				F23C542C258260BA000D6281 /* DietDiary */,
				F23C5445258260BE000D6281 /* DietDiaryTests */,
				F23C5450258260BE000D6281 /* DietDiaryUITests */,
			);
		};
/* End PBXProject section */

/* Begin PBXResourcesBuildPhase section */
		F23C542B258260BA000D6281 /* Resources */ = {
			isa = PBXResourcesBuildPhase;
			buildActionMask = 2147483647;
			files = (
				F23C5440258260BE000D6281 /* LaunchScreen.storyboard in Resources */,
				F23C54A825826665000D6281 /* GoogleService-Info.plist in Resources */,
				F23C543D258260BE000D6281 /* Assets.xcassets in Resources */,
				F23C54B925826715000D6281 /* Main.storyboard in Resources */,
			);
			runOnlyForDeploymentPostprocessing = 0;
		};
		F23C5444258260BE000D6281 /* Resources */ = {
			isa = PBXResourcesBuildPhase;
			buildActionMask = 2147483647;
			files = (
			);
			runOnlyForDeploymentPostprocessing = 0;
		};
		F23C544F258260BE000D6281 /* Resources */ = {
			isa = PBXResourcesBuildPhase;
			buildActionMask = 2147483647;
			files = (
			);
			runOnlyForDeploymentPostprocessing = 0;
		};
/* End PBXResourcesBuildPhase section */

/* Begin PBXShellScriptBuildPhase section */
		37540A45C35772DB113ACD78 /* [CP] Copy Pods Resources */ = {
			isa = PBXShellScriptBuildPhase;
			buildActionMask = 2147483647;
			files = (
			);
			inputFileListPaths = (
				"${PODS_ROOT}/Target Support Files/Pods-DietDiary-DietDiaryUITests/Pods-DietDiary-DietDiaryUITests-resources-${CONFIGURATION}-input-files.xcfilelist",
			);
			name = "[CP] Copy Pods Resources";
			outputFileListPaths = (
				"${PODS_ROOT}/Target Support Files/Pods-DietDiary-DietDiaryUITests/Pods-DietDiary-DietDiaryUITests-resources-${CONFIGURATION}-output-files.xcfilelist",
			);
			runOnlyForDeploymentPostprocessing = 0;
			shellPath = /bin/sh;
			shellScript = "\"${PODS_ROOT}/Target Support Files/Pods-DietDiary-DietDiaryUITests/Pods-DietDiary-DietDiaryUITests-resources.sh\"\n";
			showEnvVarsInLog = 0;
		};
		4DDCB10487D7C5F9328071D2 /* [CP] Check Pods Manifest.lock */ = {
			isa = PBXShellScriptBuildPhase;
			buildActionMask = 2147483647;
			files = (
			);
			inputFileListPaths = (
			);
			inputPaths = (
				"${PODS_PODFILE_DIR_PATH}/Podfile.lock",
				"${PODS_ROOT}/Manifest.lock",
			);
			name = "[CP] Check Pods Manifest.lock";
			outputFileListPaths = (
			);
			outputPaths = (
				"$(DERIVED_FILE_DIR)/Pods-DietDiary-DietDiaryUITests-checkManifestLockResult.txt",
			);
			runOnlyForDeploymentPostprocessing = 0;
			shellPath = /bin/sh;
			shellScript = "diff \"${PODS_PODFILE_DIR_PATH}/Podfile.lock\" \"${PODS_ROOT}/Manifest.lock\" > /dev/null\nif [ $? != 0 ] ; then\n    # print error to STDERR\n    echo \"error: The sandbox is not in sync with the Podfile.lock. Run 'pod install' or update your CocoaPods installation.\" >&2\n    exit 1\nfi\n# This output is used by Xcode 'outputs' to avoid re-running this script phase.\necho \"SUCCESS\" > \"${SCRIPT_OUTPUT_FILE_0}\"\n";
			showEnvVarsInLog = 0;
		};
		9A5D1B39008D33210C18059F /* [CP] Copy Pods Resources */ = {
			isa = PBXShellScriptBuildPhase;
			buildActionMask = 2147483647;
			files = (
			);
			inputFileListPaths = (
				"${PODS_ROOT}/Target Support Files/Pods-DietDiary/Pods-DietDiary-resources-${CONFIGURATION}-input-files.xcfilelist",
			);
			name = "[CP] Copy Pods Resources";
			outputFileListPaths = (
				"${PODS_ROOT}/Target Support Files/Pods-DietDiary/Pods-DietDiary-resources-${CONFIGURATION}-output-files.xcfilelist",
			);
			runOnlyForDeploymentPostprocessing = 0;
			shellPath = /bin/sh;
			shellScript = "\"${PODS_ROOT}/Target Support Files/Pods-DietDiary/Pods-DietDiary-resources.sh\"\n";
			showEnvVarsInLog = 0;
		};
		9C152EC4348C1D05488D4AFC /* [CP] Embed Pods Frameworks */ = {
			isa = PBXShellScriptBuildPhase;
			buildActionMask = 2147483647;
			files = (
			);
			inputFileListPaths = (
				"${PODS_ROOT}/Target Support Files/Pods-DietDiary-DietDiaryUITests/Pods-DietDiary-DietDiaryUITests-frameworks-${CONFIGURATION}-input-files.xcfilelist",
			);
			name = "[CP] Embed Pods Frameworks";
			outputFileListPaths = (
				"${PODS_ROOT}/Target Support Files/Pods-DietDiary-DietDiaryUITests/Pods-DietDiary-DietDiaryUITests-frameworks-${CONFIGURATION}-output-files.xcfilelist",
			);
			runOnlyForDeploymentPostprocessing = 0;
			shellPath = /bin/sh;
			shellScript = "\"${PODS_ROOT}/Target Support Files/Pods-DietDiary-DietDiaryUITests/Pods-DietDiary-DietDiaryUITests-frameworks.sh\"\n";
			showEnvVarsInLog = 0;
		};
		C8445B74C6079697B59CDED6 /* [CP] Check Pods Manifest.lock */ = {
			isa = PBXShellScriptBuildPhase;
			buildActionMask = 2147483647;
			files = (
			);
			inputFileListPaths = (
			);
			inputPaths = (
				"${PODS_PODFILE_DIR_PATH}/Podfile.lock",
				"${PODS_ROOT}/Manifest.lock",
			);
			name = "[CP] Check Pods Manifest.lock";
			outputFileListPaths = (
			);
			outputPaths = (
				"$(DERIVED_FILE_DIR)/Pods-DietDiaryTests-checkManifestLockResult.txt",
			);
			runOnlyForDeploymentPostprocessing = 0;
			shellPath = /bin/sh;
			shellScript = "diff \"${PODS_PODFILE_DIR_PATH}/Podfile.lock\" \"${PODS_ROOT}/Manifest.lock\" > /dev/null\nif [ $? != 0 ] ; then\n    # print error to STDERR\n    echo \"error: The sandbox is not in sync with the Podfile.lock. Run 'pod install' or update your CocoaPods installation.\" >&2\n    exit 1\nfi\n# This output is used by Xcode 'outputs' to avoid re-running this script phase.\necho \"SUCCESS\" > \"${SCRIPT_OUTPUT_FILE_0}\"\n";
			showEnvVarsInLog = 0;
		};
		D57AB06EB277C5883256AF6F /* [CP] Check Pods Manifest.lock */ = {
			isa = PBXShellScriptBuildPhase;
			buildActionMask = 2147483647;
			files = (
			);
			inputFileListPaths = (
			);
			inputPaths = (
				"${PODS_PODFILE_DIR_PATH}/Podfile.lock",
				"${PODS_ROOT}/Manifest.lock",
			);
			name = "[CP] Check Pods Manifest.lock";
			outputFileListPaths = (
			);
			outputPaths = (
				"$(DERIVED_FILE_DIR)/Pods-DietDiary-checkManifestLockResult.txt",
			);
			runOnlyForDeploymentPostprocessing = 0;
			shellPath = /bin/sh;
			shellScript = "diff \"${PODS_PODFILE_DIR_PATH}/Podfile.lock\" \"${PODS_ROOT}/Manifest.lock\" > /dev/null\nif [ $? != 0 ] ; then\n    # print error to STDERR\n    echo \"error: The sandbox is not in sync with the Podfile.lock. Run 'pod install' or update your CocoaPods installation.\" >&2\n    exit 1\nfi\n# This output is used by Xcode 'outputs' to avoid re-running this script phase.\necho \"SUCCESS\" > \"${SCRIPT_OUTPUT_FILE_0}\"\n";
			showEnvVarsInLog = 0;
		};
		DAF6A3A0D8467F8A9791471F /* [CP] Embed Pods Frameworks */ = {
			isa = PBXShellScriptBuildPhase;
			buildActionMask = 2147483647;
			files = (
			);
			inputFileListPaths = (
				"${PODS_ROOT}/Target Support Files/Pods-DietDiary/Pods-DietDiary-frameworks-${CONFIGURATION}-input-files.xcfilelist",
			);
			name = "[CP] Embed Pods Frameworks";
			outputFileListPaths = (
				"${PODS_ROOT}/Target Support Files/Pods-DietDiary/Pods-DietDiary-frameworks-${CONFIGURATION}-output-files.xcfilelist",
			);
			runOnlyForDeploymentPostprocessing = 0;
			shellPath = /bin/sh;
			shellScript = "\"${PODS_ROOT}/Target Support Files/Pods-DietDiary/Pods-DietDiary-frameworks.sh\"\n";
			showEnvVarsInLog = 0;
		};
/* End PBXShellScriptBuildPhase section */

/* Begin PBXSourcesBuildPhase section */
		F23C5429258260BA000D6281 /* Sources */ = {
			isa = PBXSourcesBuildPhase;
			buildActionMask = 2147483647;
			files = (
				F23C5435258260BA000D6281 /* ViewController.swift in Sources */,
				F23C543B258260BA000D6281 /* DietDiary.xcdatamodeld in Sources */,
				F23C5431258260BA000D6281 /* AppDelegate.swift in Sources */,
				F23C5433258260BA000D6281 /* SceneDelegate.swift in Sources */,
			);
			runOnlyForDeploymentPostprocessing = 0;
		};
		F23C5442258260BE000D6281 /* Sources */ = {
			isa = PBXSourcesBuildPhase;
			buildActionMask = 2147483647;
			files = (
				F23C544B258260BE000D6281 /* DietDiaryTests.swift in Sources */,
			);
			runOnlyForDeploymentPostprocessing = 0;
		};
		F23C544D258260BE000D6281 /* Sources */ = {
			isa = PBXSourcesBuildPhase;
			buildActionMask = 2147483647;
			files = (
				F23C5456258260BE000D6281 /* DietDiaryUITests.swift in Sources */,
			);
			runOnlyForDeploymentPostprocessing = 0;
		};
/* End PBXSourcesBuildPhase section */

/* Begin PBXTargetDependency section */
		F23C5448258260BE000D6281 /* PBXTargetDependency */ = {
			isa = PBXTargetDependency;
			target = F23C542C258260BA000D6281 /* DietDiary */;
			targetProxy = F23C5447258260BE000D6281 /* PBXContainerItemProxy */;
		};
		F23C5453258260BE000D6281 /* PBXTargetDependency */ = {
			isa = PBXTargetDependency;
			target = F23C542C258260BA000D6281 /* DietDiary */;
			targetProxy = F23C5452258260BE000D6281 /* PBXContainerItemProxy */;
		};
/* End PBXTargetDependency section */

/* Begin PBXVariantGroup section */
		F23C543E258260BE000D6281 /* LaunchScreen.storyboard */ = {
			isa = PBXVariantGroup;
			children = (
				F23C543F258260BE000D6281 /* Base */,
			);
			name = LaunchScreen.storyboard;
			sourceTree = "<group>";
		};
		F23C54B725826715000D6281 /* Main.storyboard */ = {
			isa = PBXVariantGroup;
			children = (
				F23C54B825826715000D6281 /* Base */,
			);
			name = Main.storyboard;
			sourceTree = "<group>";
		};
/* End PBXVariantGroup section */

/* Begin XCBuildConfiguration section */
		F23C5458258260BE000D6281 /* Debug */ = {
			isa = XCBuildConfiguration;
			buildSettings = {
				ALWAYS_SEARCH_USER_PATHS = NO;
				CLANG_ANALYZER_NONNULL = YES;
				CLANG_ANALYZER_NUMBER_OBJECT_CONVERSION = YES_AGGRESSIVE;
				CLANG_CXX_LANGUAGE_STANDARD = "gnu++14";
				CLANG_CXX_LIBRARY = "libc++";
				CLANG_ENABLE_MODULES = YES;
				CLANG_ENABLE_OBJC_ARC = YES;
				CLANG_ENABLE_OBJC_WEAK = YES;
				CLANG_WARN_BLOCK_CAPTURE_AUTORELEASING = YES;
				CLANG_WARN_BOOL_CONVERSION = YES;
				CLANG_WARN_COMMA = YES;
				CLANG_WARN_CONSTANT_CONVERSION = YES;
				CLANG_WARN_DEPRECATED_OBJC_IMPLEMENTATIONS = YES;
				CLANG_WARN_DIRECT_OBJC_ISA_USAGE = YES_ERROR;
				CLANG_WARN_DOCUMENTATION_COMMENTS = YES;
				CLANG_WARN_EMPTY_BODY = YES;
				CLANG_WARN_ENUM_CONVERSION = YES;
				CLANG_WARN_INFINITE_RECURSION = YES;
				CLANG_WARN_INT_CONVERSION = YES;
				CLANG_WARN_NON_LITERAL_NULL_CONVERSION = YES;
				CLANG_WARN_OBJC_IMPLICIT_RETAIN_SELF = YES;
				CLANG_WARN_OBJC_LITERAL_CONVERSION = YES;
				CLANG_WARN_OBJC_ROOT_CLASS = YES_ERROR;
				CLANG_WARN_QUOTED_INCLUDE_IN_FRAMEWORK_HEADER = YES;
				CLANG_WARN_RANGE_LOOP_ANALYSIS = YES;
				CLANG_WARN_STRICT_PROTOTYPES = YES;
				CLANG_WARN_SUSPICIOUS_MOVE = YES;
				CLANG_WARN_UNGUARDED_AVAILABILITY = YES_AGGRESSIVE;
				CLANG_WARN_UNREACHABLE_CODE = YES;
				CLANG_WARN__DUPLICATE_METHOD_MATCH = YES;
				COPY_PHASE_STRIP = NO;
				DEBUG_INFORMATION_FORMAT = dwarf;
				ENABLE_STRICT_OBJC_MSGSEND = YES;
				ENABLE_TESTABILITY = YES;
				GCC_C_LANGUAGE_STANDARD = gnu11;
				GCC_DYNAMIC_NO_PIC = NO;
				GCC_NO_COMMON_BLOCKS = YES;
				GCC_OPTIMIZATION_LEVEL = 0;
				GCC_PREPROCESSOR_DEFINITIONS = (
					"DEBUG=1",
					"$(inherited)",
				);
				GCC_WARN_64_TO_32_BIT_CONVERSION = YES;
				GCC_WARN_ABOUT_RETURN_TYPE = YES_ERROR;
				GCC_WARN_UNDECLARED_SELECTOR = YES;
				GCC_WARN_UNINITIALIZED_AUTOS = YES_AGGRESSIVE;
				GCC_WARN_UNUSED_FUNCTION = YES;
				GCC_WARN_UNUSED_VARIABLE = YES;
				IPHONEOS_DEPLOYMENT_TARGET = 14.2;
				MTL_ENABLE_DEBUG_INFO = INCLUDE_SOURCE;
				MTL_FAST_MATH = YES;
				ONLY_ACTIVE_ARCH = YES;
				SDKROOT = iphoneos;
				SWIFT_ACTIVE_COMPILATION_CONDITIONS = DEBUG;
				SWIFT_OPTIMIZATION_LEVEL = "-Onone";
			};
			name = Debug;
		};
		F23C5459258260BE000D6281 /* Release */ = {
			isa = XCBuildConfiguration;
			buildSettings = {
				ALWAYS_SEARCH_USER_PATHS = NO;
				CLANG_ANALYZER_NONNULL = YES;
				CLANG_ANALYZER_NUMBER_OBJECT_CONVERSION = YES_AGGRESSIVE;
				CLANG_CXX_LANGUAGE_STANDARD = "gnu++14";
				CLANG_CXX_LIBRARY = "libc++";
				CLANG_ENABLE_MODULES = YES;
				CLANG_ENABLE_OBJC_ARC = YES;
				CLANG_ENABLE_OBJC_WEAK = YES;
				CLANG_WARN_BLOCK_CAPTURE_AUTORELEASING = YES;
				CLANG_WARN_BOOL_CONVERSION = YES;
				CLANG_WARN_COMMA = YES;
				CLANG_WARN_CONSTANT_CONVERSION = YES;
				CLANG_WARN_DEPRECATED_OBJC_IMPLEMENTATIONS = YES;
				CLANG_WARN_DIRECT_OBJC_ISA_USAGE = YES_ERROR;
				CLANG_WARN_DOCUMENTATION_COMMENTS = YES;
				CLANG_WARN_EMPTY_BODY = YES;
				CLANG_WARN_ENUM_CONVERSION = YES;
				CLANG_WARN_INFINITE_RECURSION = YES;
				CLANG_WARN_INT_CONVERSION = YES;
				CLANG_WARN_NON_LITERAL_NULL_CONVERSION = YES;
				CLANG_WARN_OBJC_IMPLICIT_RETAIN_SELF = YES;
				CLANG_WARN_OBJC_LITERAL_CONVERSION = YES;
				CLANG_WARN_OBJC_ROOT_CLASS = YES_ERROR;
				CLANG_WARN_QUOTED_INCLUDE_IN_FRAMEWORK_HEADER = YES;
				CLANG_WARN_RANGE_LOOP_ANALYSIS = YES;
				CLANG_WARN_STRICT_PROTOTYPES = YES;
				CLANG_WARN_SUSPICIOUS_MOVE = YES;
				CLANG_WARN_UNGUARDED_AVAILABILITY = YES_AGGRESSIVE;
				CLANG_WARN_UNREACHABLE_CODE = YES;
				CLANG_WARN__DUPLICATE_METHOD_MATCH = YES;
				COPY_PHASE_STRIP = NO;
				DEBUG_INFORMATION_FORMAT = "dwarf-with-dsym";
				ENABLE_NS_ASSERTIONS = NO;
				ENABLE_STRICT_OBJC_MSGSEND = YES;
				GCC_C_LANGUAGE_STANDARD = gnu11;
				GCC_NO_COMMON_BLOCKS = YES;
				GCC_WARN_64_TO_32_BIT_CONVERSION = YES;
				GCC_WARN_ABOUT_RETURN_TYPE = YES_ERROR;
				GCC_WARN_UNDECLARED_SELECTOR = YES;
				GCC_WARN_UNINITIALIZED_AUTOS = YES_AGGRESSIVE;
				GCC_WARN_UNUSED_FUNCTION = YES;
				GCC_WARN_UNUSED_VARIABLE = YES;
				IPHONEOS_DEPLOYMENT_TARGET = 14.2;
				MTL_ENABLE_DEBUG_INFO = NO;
				MTL_FAST_MATH = YES;
				SDKROOT = iphoneos;
				SWIFT_COMPILATION_MODE = wholemodule;
				SWIFT_OPTIMIZATION_LEVEL = "-O";
				VALIDATE_PRODUCT = YES;
			};
			name = Release;
		};
		F23C545B258260BE000D6281 /* Debug */ = {
			isa = XCBuildConfiguration;
			baseConfigurationReference = 99B7779E89FC33674CB85063 /* Pods-DietDiary.debug.xcconfig */;
			buildSettings = {
				ASSETCATALOG_COMPILER_APPICON_NAME = AppIcon;
				ASSETCATALOG_COMPILER_GLOBAL_ACCENT_COLOR_NAME = AccentColor;
				CODE_SIGN_STYLE = Automatic;
				DEVELOPMENT_TEAM = GMYZW2YR59;
				INFOPLIST_FILE = DietDiary/Info.plist;
				LD_RUNPATH_SEARCH_PATHS = (
					"$(inherited)",
					"@executable_path/Frameworks",
				);
				PRODUCT_BUNDLE_IDENTIFIER = com.aliciachiu.DietDiary;
				PRODUCT_NAME = "$(TARGET_NAME)";
				SWIFT_VERSION = 5.0;
				TARGETED_DEVICE_FAMILY = "1,2";
			};
			name = Debug;
		};
		F23C545C258260BE000D6281 /* Release */ = {
			isa = XCBuildConfiguration;
			baseConfigurationReference = 0816AB5A06C16332D4DD9BCC /* Pods-DietDiary.release.xcconfig */;
			buildSettings = {
				ASSETCATALOG_COMPILER_APPICON_NAME = AppIcon;
				ASSETCATALOG_COMPILER_GLOBAL_ACCENT_COLOR_NAME = AccentColor;
				CODE_SIGN_STYLE = Automatic;
				DEVELOPMENT_TEAM = GMYZW2YR59;
				INFOPLIST_FILE = DietDiary/Info.plist;
				LD_RUNPATH_SEARCH_PATHS = (
					"$(inherited)",
					"@executable_path/Frameworks",
				);
				PRODUCT_BUNDLE_IDENTIFIER = com.aliciachiu.DietDiary;
				PRODUCT_NAME = "$(TARGET_NAME)";
				SWIFT_VERSION = 5.0;
				TARGETED_DEVICE_FAMILY = "1,2";
			};
			name = Release;
		};
		F23C545E258260BE000D6281 /* Debug */ = {
			isa = XCBuildConfiguration;
			baseConfigurationReference = 94015A2B5A0444E327DEF157 /* Pods-DietDiaryTests.debug.xcconfig */;
			buildSettings = {
				ALWAYS_EMBED_SWIFT_STANDARD_LIBRARIES = YES;
				BUNDLE_LOADER = "$(TEST_HOST)";
				CODE_SIGN_STYLE = Automatic;
				DEVELOPMENT_TEAM = GMYZW2YR59;
				INFOPLIST_FILE = DietDiaryTests/Info.plist;
				IPHONEOS_DEPLOYMENT_TARGET = 14.2;
				LD_RUNPATH_SEARCH_PATHS = (
					"$(inherited)",
					"@executable_path/Frameworks",
					"@loader_path/Frameworks",
				);
				PRODUCT_BUNDLE_IDENTIFIER = com.aliciachiu.DietDiaryTests;
				PRODUCT_NAME = "$(TARGET_NAME)";
				SWIFT_VERSION = 5.0;
				TARGETED_DEVICE_FAMILY = "1,2";
				TEST_HOST = "$(BUILT_PRODUCTS_DIR)/DietDiary.app/DietDiary";
			};
			name = Debug;
		};
		F23C545F258260BE000D6281 /* Release */ = {
			isa = XCBuildConfiguration;
			baseConfigurationReference = FAD466FD98B2BE62B9D51401 /* Pods-DietDiaryTests.release.xcconfig */;
			buildSettings = {
				ALWAYS_EMBED_SWIFT_STANDARD_LIBRARIES = YES;
				BUNDLE_LOADER = "$(TEST_HOST)";
				CODE_SIGN_STYLE = Automatic;
				DEVELOPMENT_TEAM = GMYZW2YR59;
				INFOPLIST_FILE = DietDiaryTests/Info.plist;
				IPHONEOS_DEPLOYMENT_TARGET = 14.2;
				LD_RUNPATH_SEARCH_PATHS = (
					"$(inherited)",
					"@executable_path/Frameworks",
					"@loader_path/Frameworks",
				);
				PRODUCT_BUNDLE_IDENTIFIER = com.aliciachiu.DietDiaryTests;
				PRODUCT_NAME = "$(TARGET_NAME)";
				SWIFT_VERSION = 5.0;
				TARGETED_DEVICE_FAMILY = "1,2";
				TEST_HOST = "$(BUILT_PRODUCTS_DIR)/DietDiary.app/DietDiary";
			};
			name = Release;
		};
		F23C5461258260BE000D6281 /* Debug */ = {
			isa = XCBuildConfiguration;
			baseConfigurationReference = AD0382221006F43CE95B57B6 /* Pods-DietDiary-DietDiaryUITests.debug.xcconfig */;
			buildSettings = {
				ALWAYS_EMBED_SWIFT_STANDARD_LIBRARIES = YES;
				CODE_SIGN_STYLE = Automatic;
				DEVELOPMENT_TEAM = GMYZW2YR59;
				INFOPLIST_FILE = DietDiaryUITests/Info.plist;
				LD_RUNPATH_SEARCH_PATHS = (
					"$(inherited)",
					"@executable_path/Frameworks",
					"@loader_path/Frameworks",
				);
				PRODUCT_BUNDLE_IDENTIFIER = com.aliciachiu.DietDiaryUITests;
				PRODUCT_NAME = "$(TARGET_NAME)";
				SWIFT_VERSION = 5.0;
				TARGETED_DEVICE_FAMILY = "1,2";
				TEST_TARGET_NAME = DietDiary;
			};
			name = Debug;
		};
		F23C5462258260BE000D6281 /* Release */ = {
			isa = XCBuildConfiguration;
			baseConfigurationReference = 378CC762D5D77A182E70EDAC /* Pods-DietDiary-DietDiaryUITests.release.xcconfig */;
			buildSettings = {
				ALWAYS_EMBED_SWIFT_STANDARD_LIBRARIES = YES;
				CODE_SIGN_STYLE = Automatic;
				DEVELOPMENT_TEAM = GMYZW2YR59;
				INFOPLIST_FILE = DietDiaryUITests/Info.plist;
				LD_RUNPATH_SEARCH_PATHS = (
					"$(inherited)",
					"@executable_path/Frameworks",
					"@loader_path/Frameworks",
				);
				PRODUCT_BUNDLE_IDENTIFIER = com.aliciachiu.DietDiaryUITests;
				PRODUCT_NAME = "$(TARGET_NAME)";
				SWIFT_VERSION = 5.0;
				TARGETED_DEVICE_FAMILY = "1,2";
				TEST_TARGET_NAME = DietDiary;
			};
			name = Release;
		};
/* End XCBuildConfiguration section */

/* Begin XCConfigurationList section */
		F23C5428258260BA000D6281 /* Build configuration list for PBXProject "DietDiary" */ = {
			isa = XCConfigurationList;
			buildConfigurations = (
				F23C5458258260BE000D6281 /* Debug */,
				F23C5459258260BE000D6281 /* Release */,
			);
			defaultConfigurationIsVisible = 0;
			defaultConfigurationName = Release;
		};
		F23C545A258260BE000D6281 /* Build configuration list for PBXNativeTarget "DietDiary" */ = {
			isa = XCConfigurationList;
			buildConfigurations = (
				F23C545B258260BE000D6281 /* Debug */,
				F23C545C258260BE000D6281 /* Release */,
			);
			defaultConfigurationIsVisible = 0;
			defaultConfigurationName = Release;
		};
		F23C545D258260BE000D6281 /* Build configuration list for PBXNativeTarget "DietDiaryTests" */ = {
			isa = XCConfigurationList;
			buildConfigurations = (
				F23C545E258260BE000D6281 /* Debug */,
				F23C545F258260BE000D6281 /* Release */,
			);
			defaultConfigurationIsVisible = 0;
			defaultConfigurationName = Release;
		};
		F23C5460258260BE000D6281 /* Build configuration list for PBXNativeTarget "DietDiaryUITests" */ = {
			isa = XCConfigurationList;
			buildConfigurations = (
				F23C5461258260BE000D6281 /* Debug */,
				F23C5462258260BE000D6281 /* Release */,
			);
			defaultConfigurationIsVisible = 0;
			defaultConfigurationName = Release;
		};
/* End XCConfigurationList section */

/* Begin XCVersionGroup section */
		F23C5439258260BA000D6281 /* DietDiary.xcdatamodeld */ = {
			isa = XCVersionGroup;
			children = (
				F23C543A258260BA000D6281 /* DietDiary.xcdatamodel */,
			);
			currentVersion = F23C543A258260BA000D6281 /* DietDiary.xcdatamodel */;
			path = DietDiary.xcdatamodeld;
			sourceTree = "<group>";
			versionGroupType = wrapper.xcdatamodel;
		};
/* End XCVersionGroup section */
	};
	rootObject = F23C5425258260BA000D6281 /* Project object */;
}
